{
  "version": 4,
  "terraform_version": "1.1.6",
  "serial": 6,
  "lineage": "afe173fd-e4fc-223a-2c7f-0e004f322abb",
  "outputs": {
    "bucket_id": {
      "value": "terratest-sebijq",
      "type": "string"
    }
  },
  "resources": [
    {
      "mode": "managed",
      "type": "aws_s3_bucket",
      "name": "terratest_bucket",
      "provider": "provider[\"registry.terraform.io/hashicorp/aws\"]",
      "instances": [
        {
          "schema_version": 0,
          "attributes": {
            "acceleration_status": "",
            "acl": "private",
            "arn": "arn:aws:s3:::terratest-sebijq",
            "bucket": "terratest-sebijq",
            "bucket_domain_name": "terratest-sebijq.s3.amazonaws.com",
            "bucket_prefix": null,
            "bucket_regional_domain_name": "terratest-sebijq.s3.eu-west-2.amazonaws.com",
            "cors_rule": [],
            "force_destroy": false,
            "grant": [],
            "hosted_zone_id": "Z3GKZC51ZF0DB4",
            "id": "terratest-sebijq",
            "lifecycle_rule": [],
            "logging": [],
            "object_lock_configuration": [],
            "policy": "",
            "region": "eu-west-2",
            "replication_configuration": [],
            "request_payer": "BucketOwner",
            "server_side_encryption_configuration": [],
            "tags": null,
            "tags_all": {},
            "versioning": [
              {
                "enabled": false,
                "mfa_delete": false
              }
            ],
            "website": [],
            "website_domain": null,
            "website_endpoint": null
          },
          "sensitive_attributes": [],
          "private": "bnVsbA=="
        }
      ]
    }
  ]
}
