{
  "version": 4,
  "terraform_version": "1.1.6",
  "serial": 9,
  "lineage": "28c01b25-7bd9-6e1c-5747-397cf8add9df",
  "outputs": {
    "bucket_arn": {
      "value": "arn:aws:s3:::885300287765-terratest-aws-s3-example-5zp2gy",
      "type": "string"
    },
    "bucket_id": {
      "value": "885300287765-terratest-aws-s3-example-5zp2gy",
      "type": "string"
    },
    "logging_target_bucket": {
      "value": "885300287765-terratest-aws-s3-example-5zp2gy",
      "type": "string"
    }
  },
  "resources": [
    {
      "mode": "data",
      "type": "aws_caller_identity",
      "name": "current",
      "provider": "provider[\"registry.terraform.io/hashicorp/aws\"]",
      "instances": [
        {
          "schema_version": 0,
          "attributes": {
            "account_id": "885300287765",
            "arn": "arn:aws:iam::885300287765:user/dchaudhary",
            "id": "885300287765",
            "user_id": "AIDA44IACLEKZNYNRE2PC"
          },
          "sensitive_attributes": []
        }
      ]
    },
    {
      "mode": "data",
      "type": "aws_iam_policy_document",
      "name": "s3_bucket_policy",
      "provider": "provider[\"registry.terraform.io/hashicorp/aws\"]",
      "instances": [
        {
          "schema_version": 0,
          "attributes": {
            "id": "1652293212",
            "json": "{\n  \"Version\": \"2012-10-17\",\n  \"Statement\": [\n    {\n      \"Sid\": \"\",\n      \"Effect\": \"Allow\",\n      \"Action\": \"*\",\n      \"Resource\": \"arn:aws:s3:::885300287765-terratest-aws-s3-example-5zp2gy/*\",\n      \"Principal\": {\n        \"AWS\": \"885300287765\"\n      }\n    },\n    {\n      \"Sid\": \"\",\n      \"Effect\": \"Deny\",\n      \"Action\": \"*\",\n      \"Resource\": \"arn:aws:s3:::885300287765-terratest-aws-s3-example-5zp2gy/*\",\n      \"Principal\": {\n        \"AWS\": \"*\"\n      },\n      \"Condition\": {\n        \"Bool\": {\n          \"aws:SecureTransport\": \"false\"\n        }\n      }\n    }\n  ]\n}",
            "override_json": null,
            "override_policy_documents": null,
            "policy_id": null,
            "source_json": null,
            "source_policy_documents": null,
            "statement": [
              {
                "actions": [
                  "*"
                ],
                "condition": [],
                "effect": "Allow",
                "not_actions": [],
                "not_principals": [],
                "not_resources": [],
                "principals": [
                  {
                    "identifiers": [
                      "885300287765"
                    ],
                    "type": "AWS"
                  }
                ],
                "resources": [
                  "arn:aws:s3:::885300287765-terratest-aws-s3-example-5zp2gy/*"
                ],
                "sid": ""
              },
              {
                "actions": [
                  "*"
                ],
                "condition": [
                  {
                    "test": "Bool",
                    "values": [
                      "false"
                    ],
                    "variable": "aws:SecureTransport"
                  }
                ],
                "effect": "Deny",
                "not_actions": [],
                "not_principals": [],
                "not_resources": [],
                "principals": [
                  {
                    "identifiers": [
                      "*"
                    ],
                    "type": "AWS"
                  }
                ],
                "resources": [
                  "arn:aws:s3:::885300287765-terratest-aws-s3-example-5zp2gy/*"
                ],
                "sid": ""
              }
            ],
            "version": "2012-10-17"
          },
          "sensitive_attributes": []
        }
      ]
    },
    {
      "mode": "managed",
      "type": "aws_s3_bucket",
      "name": "test_bucket",
      "provider": "provider[\"registry.terraform.io/hashicorp/aws\"]",
      "instances": [
        {
          "schema_version": 0,
          "attributes": {
            "acceleration_status": "",
            "acl": "private",
            "arn": "arn:aws:s3:::885300287765-terratest-aws-s3-example-5zp2gy",
            "bucket": "885300287765-terratest-aws-s3-example-5zp2gy",
            "bucket_domain_name": "885300287765-terratest-aws-s3-example-5zp2gy.s3.amazonaws.com",
            "bucket_prefix": null,
            "bucket_regional_domain_name": "885300287765-terratest-aws-s3-example-5zp2gy.s3.us-west-2.amazonaws.com",
            "cors_rule": [],
            "force_destroy": false,
            "grant": [],
            "hosted_zone_id": "Z3BJ6K6RIION7M",
            "id": "885300287765-terratest-aws-s3-example-5zp2gy",
            "lifecycle_rule": [],
            "logging": [],
            "object_lock_configuration": [],
            "policy": "",
            "region": "us-west-2",
            "replication_configuration": [],
            "request_payer": "BucketOwner",
            "server_side_encryption_configuration": [],
            "tags": {
              "Environment": "Automated Testing",
              "Name": "terratest-aws-s3-example-5zp2gy"
            },
            "tags_all": {
              "Environment": "Automated Testing",
              "Name": "terratest-aws-s3-example-5zp2gy"
            },
            "versioning": [
              {
                "enabled": false,
                "mfa_delete": false
              }
            ],
            "website": [],
            "website_domain": null,
            "website_endpoint": null
          },
          "sensitive_attributes": [],
          "private": "bnVsbA==",
          "dependencies": [
            "data.aws_caller_identity.current"
          ]
        }
      ]
    },
    {
      "mode": "managed",
      "type": "aws_s3_bucket",
      "name": "test_bucket_logs",
      "provider": "provider[\"registry.terraform.io/hashicorp/aws\"]",
      "instances": [
        {
          "schema_version": 0,
          "attributes": {
            "acceleration_status": "",
            "acl": "private",
            "arn": "arn:aws:s3:::885300287765-terratest-aws-s3-example-5zp2gy-logs",
            "bucket": "885300287765-terratest-aws-s3-example-5zp2gy-logs",
            "bucket_domain_name": "885300287765-terratest-aws-s3-example-5zp2gy-logs.s3.amazonaws.com",
            "bucket_prefix": null,
            "bucket_regional_domain_name": "885300287765-terratest-aws-s3-example-5zp2gy-logs.s3.us-west-2.amazonaws.com",
            "cors_rule": [],
            "force_destroy": true,
            "grant": [],
            "hosted_zone_id": "Z3BJ6K6RIION7M",
            "id": "885300287765-terratest-aws-s3-example-5zp2gy-logs",
            "lifecycle_rule": [],
            "logging": [],
            "object_lock_configuration": [],
            "policy": "",
            "region": "us-west-2",
            "replication_configuration": [],
            "request_payer": "BucketOwner",
            "server_side_encryption_configuration": [],
            "tags": {
              "Environment": "Automated Testing",
              "Name": "885300287765-terratest-aws-s3-example-5zp2gy-logs"
            },
            "tags_all": {
              "Environment": "Automated Testing",
              "Name": "885300287765-terratest-aws-s3-example-5zp2gy-logs"
            },
            "versioning": [
              {
                "enabled": false,
                "mfa_delete": false
              }
            ],
            "website": [],
            "website_domain": null,
            "website_endpoint": null
          },
          "sensitive_attributes": [],
          "private": "bnVsbA==",
          "dependencies": [
            "data.aws_caller_identity.current"
          ]
        }
      ]
    },
    {
      "mode": "managed",
      "type": "aws_s3_bucket_acl",
      "name": "example_bucket_acl",
      "provider": "provider[\"registry.terraform.io/hashicorp/aws\"]",
      "instances": [
        {
          "schema_version": 0,
          "attributes": {
            "access_control_policy": [
              {
                "grant": [
                  {
                    "grantee": [
                      {
                        "display_name": "",
                        "email_address": "",
                        "id": "",
                        "type": "Group",
                        "uri": "http://acs.amazonaws.com/groups/s3/LogDelivery"
                      }
                    ],
                    "permission": "READ_ACP"
                  },
                  {
                    "grantee": [
                      {
                        "display_name": "",
                        "email_address": "",
                        "id": "",
                        "type": "Group",
                        "uri": "http://acs.amazonaws.com/groups/s3/LogDelivery"
                      }
                    ],
                    "permission": "WRITE"
                  },
                  {
                    "grantee": [
                      {
                        "display_name": "aws",
                        "email_address": "",
                        "id": "7bfc80b4d8f96c28b8299719a10faeab9eed8ee625082057ec5fcb094a2bc103",
                        "type": "CanonicalUser",
                        "uri": ""
                      }
                    ],
                    "permission": "FULL_CONTROL"
                  }
                ],
                "owner": [
                  {
                    "display_name": "aws",
                    "id": "7bfc80b4d8f96c28b8299719a10faeab9eed8ee625082057ec5fcb094a2bc103"
                  }
                ]
              }
            ],
            "acl": "log-delivery-write",
            "bucket": "885300287765-terratest-aws-s3-example-5zp2gy-logs",
            "expected_bucket_owner": "",
            "id": "885300287765-terratest-aws-s3-example-5zp2gy-logs,log-delivery-write"
          },
          "sensitive_attributes": [],
          "private": "bnVsbA==",
          "dependencies": [
            "aws_s3_bucket.test_bucket_logs",
            "data.aws_caller_identity.current"
          ]
        }
      ]
    },
    {
      "mode": "managed",
      "type": "aws_s3_bucket_acl",
      "name": "example_bucket_acl2",
      "provider": "provider[\"registry.terraform.io/hashicorp/aws\"]",
      "instances": [
        {
          "schema_version": 0,
          "attributes": {
            "access_control_policy": [
              {
                "grant": [
                  {
                    "grantee": [
                      {
                        "display_name": "aws",
                        "email_address": "",
                        "id": "7bfc80b4d8f96c28b8299719a10faeab9eed8ee625082057ec5fcb094a2bc103",
                        "type": "CanonicalUser",
                        "uri": ""
                      }
                    ],
                    "permission": "FULL_CONTROL"
                  }
                ],
                "owner": [
                  {
                    "display_name": "aws",
                    "id": "7bfc80b4d8f96c28b8299719a10faeab9eed8ee625082057ec5fcb094a2bc103"
                  }
                ]
              }
            ],
            "acl": "private",
            "bucket": "885300287765-terratest-aws-s3-example-5zp2gy",
            "expected_bucket_owner": "",
            "id": "885300287765-terratest-aws-s3-example-5zp2gy,private"
          },
          "sensitive_attributes": [],
          "private": "bnVsbA==",
          "dependencies": [
            "aws_s3_bucket.test_bucket",
            "data.aws_caller_identity.current"
          ]
        }
      ]
    },
    {
      "mode": "managed",
      "type": "aws_s3_bucket_logging",
      "name": "example",
      "provider": "provider[\"registry.terraform.io/hashicorp/aws\"]",
      "instances": [
        {
          "schema_version": 0,
          "attributes": {
            "bucket": "885300287765-terratest-aws-s3-example-5zp2gy",
            "expected_bucket_owner": "",
            "id": "885300287765-terratest-aws-s3-example-5zp2gy",
            "target_bucket": "885300287765-terratest-aws-s3-example-5zp2gy-logs",
            "target_grant": [],
            "target_prefix": "TFStateLogs/"
          },
          "sensitive_attributes": [],
          "private": "bnVsbA==",
          "dependencies": [
            "aws_s3_bucket.test_bucket",
            "aws_s3_bucket.test_bucket_logs",
            "data.aws_caller_identity.current"
          ]
        }
      ]
    },
    {
      "mode": "managed",
      "type": "aws_s3_bucket_policy",
      "name": "bucket_access_policy",
      "provider": "provider[\"registry.terraform.io/hashicorp/aws\"]",
      "instances": [
        {
          "index_key": 0,
          "schema_version": 0,
          "attributes": {
            "bucket": "885300287765-terratest-aws-s3-example-5zp2gy",
            "id": "885300287765-terratest-aws-s3-example-5zp2gy",
            "policy": "{\n  \"Version\": \"2012-10-17\",\n  \"Statement\": [\n    {\n      \"Sid\": \"\",\n      \"Effect\": \"Allow\",\n      \"Action\": \"*\",\n      \"Resource\": \"arn:aws:s3:::885300287765-terratest-aws-s3-example-5zp2gy/*\",\n      \"Principal\": {\n        \"AWS\": \"885300287765\"\n      }\n    },\n    {\n      \"Sid\": \"\",\n      \"Effect\": \"Deny\",\n      \"Action\": \"*\",\n      \"Resource\": \"arn:aws:s3:::885300287765-terratest-aws-s3-example-5zp2gy/*\",\n      \"Principal\": {\n        \"AWS\": \"*\"\n      },\n      \"Condition\": {\n        \"Bool\": {\n          \"aws:SecureTransport\": \"false\"\n        }\n      }\n    }\n  ]\n}"
          },
          "sensitive_attributes": [],
          "private": "bnVsbA==",
          "dependencies": [
            "aws_s3_bucket.test_bucket",
            "data.aws_caller_identity.current",
            "data.aws_iam_policy_document.s3_bucket_policy"
          ]
        }
      ]
    },
    {
      "mode": "managed",
      "type": "aws_s3_bucket_versioning",
      "name": "versioning_example",
      "provider": "provider[\"registry.terraform.io/hashicorp/aws\"]",
      "instances": [
        {
          "schema_version": 0,
          "attributes": {
            "bucket": "885300287765-terratest-aws-s3-example-5zp2gy",
            "expected_bucket_owner": "",
            "id": "885300287765-terratest-aws-s3-example-5zp2gy",
            "mfa": null,
            "versioning_configuration": [
              {
                "mfa_delete": "",
                "status": "Enabled"
              }
            ]
          },
          "sensitive_attributes": [],
          "private": "bnVsbA==",
          "dependencies": [
            "aws_s3_bucket.test_bucket",
            "data.aws_caller_identity.current"
          ]
        }
      ]
    }
  ]
}
